
Microsoft Visual Studio Solution File, Format Version 10.00
# Visual Studio 2008
Project("{F184B08F-C81C-45F6-A57F-5ABD9991F28F}") = "SpeedCS", "SpeedCS.vbproj", "{77FD8930-F490-4E57-878C-0AAD03B746A0}"
EndProject
Global
	GlobalSection(SolutionConfigurationPlatforms) = preSolution
		Debug|Any CPU = Debug|Any CPU
		Release|Any CPU = Release|Any CPU
	EndGlobalSection
	GlobalSection(ProjectConfigurationPlatforms) = postSolution
		{77FD8930-F490-4E57-878C-0AAD03B746A0}.Debug|Any CPU.ActiveCfg = Debug|Any CPU
		{77FD8930-F490-4E57-878C-0AAD03B746A0}.Debug|Any CPU.Build.0 = Debug|Any CPU
		{77FD8930-F490-4E57-878C-0AAD03B746A0}.Release|Any CPU.ActiveCfg = Release|Any CPU
		{77FD8930-F490-4E57-878C-0AAD03B746A0}.Release|Any CPU.Build.0 = Release|Any CPU
	EndGlobalSection
	GlobalSection(SolutionProperties) = preSolution
		HideSolutionNode = FALSE
	EndGlobalSection
EndGlobal
